
Microsoft Visual Studio Solution File, Format Version 12.00
# Visual Studio Version 17
VisualStudioVersion = 17.9.34607.119
MinimumVisualStudioVersion = 10.0.40219.1
Project("{FAE04EC0-301F-11D3-BF4B-00C04F79EFBC}") = "StaticMathod", "StaticMathod\StaticMathod.csproj", "{3F4D3CDB-BAF6-4AFF-98B6-581086C68D6A}"
EndProject
Global
	GlobalSection(SolutionConfigurationPlatforms) = preSolution
		Debug|Any CPU = Debug|Any CPU
		Release|Any CPU = Release|Any CPU
	EndGlobalSection
	GlobalSection(ProjectConfigurationPlatforms) = postSolution
		{3F4D3CDB-BAF6-4AFF-98B6-581086C68D6A}.Debug|Any CPU.ActiveCfg = Debug|Any CPU
		{3F4D3CDB-BAF6-4AFF-98B6-581086C68D6A}.Debug|Any CPU.Build.0 = Debug|Any CPU
		{3F4D3CDB-BAF6-4AFF-98B6-581086C68D6A}.Release|Any CPU.ActiveCfg = Release|Any CPU
		{3F4D3CDB-BAF6-4AFF-98B6-581086C68D6A}.Release|Any CPU.Build.0 = Release|Any CPU
	EndGlobalSection
	GlobalSection(SolutionProperties) = preSolution
		HideSolutionNode = FALSE
	EndGlobalSection
	GlobalSection(ExtensibilityGlobals) = postSolution
		SolutionGuid = {7764A671-4FDA-45E0-ACF2-473E0CED3588}
	EndGlobalSection
EndGlobal
